
Microsoft Visual Studio Solution File, Format Version 12.00
# Visual Studio Version 17
VisualStudioVersion = 17.0.32112.339
MinimumVisualStudioVersion = 10.0.40219.1
Project("{FAE04EC0-301F-11D3-BF4B-00C04F79EFBC}") = "Mvvm_Design_pattern_tutorial", "Mvvm_Design_pattern_tutorial\Mvvm_Design_pattern_tutorial.csproj", "{38DEE758-0EB5-4686-A299-E21C13A53257}"
EndProject
Global
	GlobalSection(SolutionConfigurationPlatforms) = preSolution
		Debug|Any CPU = Debug|Any CPU
		Release|Any CPU = Release|Any CPU
	EndGlobalSection
	GlobalSection(ProjectConfigurationPlatforms) = postSolution
		{38DEE758-0EB5-4686-A299-E21C13A53257}.Debug|Any CPU.ActiveCfg = Debug|Any CPU
		{38DEE758-0EB5-4686-A299-E21C13A53257}.Debug|Any CPU.Build.0 = Debug|Any CPU
		{38DEE758-0EB5-4686-A299-E21C13A53257}.Release|Any CPU.ActiveCfg = Release|Any CPU
		{38DEE758-0EB5-4686-A299-E21C13A53257}.Release|Any CPU.Build.0 = Release|Any CPU
	EndGlobalSection
	GlobalSection(SolutionProperties) = preSolution
		HideSolutionNode = FALSE
	EndGlobalSection
	GlobalSection(ExtensibilityGlobals) = postSolution
		SolutionGuid = {E4C1CC12-1772-4120-B44C-BDA1D5351B0B}
	EndGlobalSection
EndGlobal
